// !$*UTF8*$!
{
	archiveVersion = 1;
	classes = {
	};
	objectVersion = 50;
	objects = {

/* Begin PBXBuildFile section */
		411D90CB225436F000758DF3 /* AppDelegate.swift in Sources */ = {isa = PBXBuildFile; fileRef = 411D90CA225436F000758DF3 /* AppDelegate.swift */; };
		411D90CD225436F000758DF3 /* HomeViewController.swift in Sources */ = {isa = PBXBuildFile; fileRef = 411D90CC225436F000758DF3 /* HomeViewController.swift */; };
		411D90D0225436F000758DF3 /* Main.storyboard in Resources */ = {isa = PBXBuildFile; fileRef = 411D90CE225436F000758DF3 /* Main.storyboard */; };
		411D90D2225436F100758DF3 /* Assets.xcassets in Resources */ = {isa = PBXBuildFile; fileRef = 411D90D1225436F100758DF3 /* Assets.xcassets */; };
		411D90D5225436F100758DF3 /* LaunchScreen.storyboard in Resources */ = {isa = PBXBuildFile; fileRef = 411D90D3225436F100758DF3 /* LaunchScreen.storyboard */; };
		411D90FF2254646100758DF3 /* CustomGMSAutocompleteTableDataSource.swift in Sources */ = {isa = PBXBuildFile; fileRef = 411D90FE2254646100758DF3 /* CustomGMSAutocompleteTableDataSource.swift */; };
		411D91022254681700758DF3 /* GoogleMapsRest.swift in Sources */ = {isa = PBXBuildFile; fileRef = 411D91012254681700758DF3 /* GoogleMapsRest.swift */; };
		411D91052254685200758DF3 /* Route.swift in Sources */ = {isa = PBXBuildFile; fileRef = 411D91042254685100758DF3 /* Route.swift */; };
		4178ED2A2256F6DF0011C069 /* Routes.storyboard in Resources */ = {isa = PBXBuildFile; fileRef = 4178ED282256F6DE0011C069 /* Routes.storyboard */; };
		4178ED2B2256F6DF0011C069 /* Home.storyboard in Resources */ = {isa = PBXBuildFile; fileRef = 4178ED292256F6DF0011C069 /* Home.storyboard */; };
		41A09CDB22558FAA00D48F06 /* RouteParseRest.swift in Sources */ = {isa = PBXBuildFile; fileRef = 41A09CDA22558FAA00D48F06 /* RouteParseRest.swift */; };
		41A09CDD225596A800D48F06 /* BaseViewController.swift in Sources */ = {isa = PBXBuildFile; fileRef = 41A09CDC225596A800D48F06 /* BaseViewController.swift */; };
		41A09CDF22559FBA00D48F06 /* CustomPlace.swift in Sources */ = {isa = PBXBuildFile; fileRef = 41A09CDE22559FBA00D48F06 /* CustomPlace.swift */; };
		41A09CE42255A5C700D48F06 /* RouteTableViewCell.swift in Sources */ = {isa = PBXBuildFile; fileRef = 41A09CE32255A5C700D48F06 /* RouteTableViewCell.swift */; };
		41A09CE62255A5E900D48F06 /* RoutesViewController.swift in Sources */ = {isa = PBXBuildFile; fileRef = 41A09CE52255A5E900D48F06 /* RoutesViewController.swift */; };
		FDEDBDC4F7CAFD804CA5B027 /* Pods_MapsWithParseServer.framework in Frameworks */ = {isa = PBXBuildFile; fileRef = 13C6F45E89E94C7BFEF54638 /* Pods_MapsWithParseServer.framework */; };
/* End PBXBuildFile section */

/* Begin PBXFileReference section */
		13C6F45E89E94C7BFEF54638 /* Pods_MapsWithParseServer.framework */ = {isa = PBXFileReference; explicitFileType = wrapper.framework; includeInIndex = 0; path = Pods_MapsWithParseServer.framework; sourceTree = BUILT_PRODUCTS_DIR; };
		411D90C7225436F000758DF3 /* MapsWithParseServer.app */ = {isa = PBXFileReference; explicitFileType = wrapper.application; includeInIndex = 0; path = MapsWithParseServer.app; sourceTree = BUILT_PRODUCTS_DIR; };
		411D90CA225436F000758DF3 /* AppDelegate.swift */ = {isa = PBXFileReference; lastKnownFileType = sourcecode.swift; path = AppDelegate.swift; sourceTree = "<group>"; };
		411D90CC225436F000758DF3 /* HomeViewController.swift */ = {isa = PBXFileReference; lastKnownFileType = sourcecode.swift; path = HomeViewController.swift; sourceTree = "<group>"; };
		411D90CF225436F000758DF3 /* Base */ = {isa = PBXFileReference; lastKnownFileType = file.storyboard; name = Base; path = Base.lproj/Main.storyboard; sourceTree = "<group>"; };
		411D90D1225436F100758DF3 /* Assets.xcassets */ = {isa = PBXFileReference; lastKnownFileType = folder.assetcatalog; path = Assets.xcassets; sourceTree = "<group>"; };
		411D90D4225436F100758DF3 /* Base */ = {isa = PBXFileReference; lastKnownFileType = file.storyboard; name = Base; path = Base.lproj/LaunchScreen.storyboard; sourceTree = "<group>"; };
		411D90D6225436F100758DF3 /* Info.plist */ = {isa = PBXFileReference; lastKnownFileType = text.plist.xml; path = Info.plist; sourceTree = "<group>"; };
		411D90FE2254646100758DF3 /* CustomGMSAutocompleteTableDataSource.swift */ = {isa = PBXFileReference; lastKnownFileType = sourcecode.swift; path = CustomGMSAutocompleteTableDataSource.swift; sourceTree = "<group>"; };
		411D91012254681700758DF3 /* GoogleMapsRest.swift */ = {isa = PBXFileReference; lastKnownFileType = sourcecode.swift; path = GoogleMapsRest.swift; sourceTree = "<group>"; };
		411D91042254685100758DF3 /* Route.swift */ = {isa = PBXFileReference; lastKnownFileType = sourcecode.swift; path = Route.swift; sourceTree = "<group>"; };
		4178ED282256F6DE0011C069 /* Routes.storyboard */ = {isa = PBXFileReference; fileEncoding = 4; lastKnownFileType = file.storyboard; path = Routes.storyboard; sourceTree = "<group>"; };
		4178ED292256F6DF0011C069 /* Home.storyboard */ = {isa = PBXFileReference; fileEncoding = 4; lastKnownFileType = file.storyboard; path = Home.storyboard; sourceTree = "<group>"; };
		41A09CDA22558FAA00D48F06 /* RouteParseRest.swift */ = {isa = PBXFileReference; lastKnownFileType = sourcecode.swift; path = RouteParseRest.swift; sourceTree = "<group>"; };
		41A09CDC225596A800D48F06 /* BaseViewController.swift */ = {isa = PBXFileReference; lastKnownFileType = sourcecode.swift; path = BaseViewController.swift; sourceTree = "<group>"; };
		41A09CDE22559FBA00D48F06 /* CustomPlace.swift */ = {isa = PBXFileReference; lastKnownFileType = sourcecode.swift; path = CustomPlace.swift; sourceTree = "<group>"; };
		41A09CE32255A5C700D48F06 /* RouteTableViewCell.swift */ = {isa = PBXFileReference; lastKnownFileType = sourcecode.swift; path = RouteTableViewCell.swift; sourceTree = "<group>"; };
		41A09CE52255A5E900D48F06 /* RoutesViewController.swift */ = {isa = PBXFileReference; lastKnownFileType = sourcecode.swift; path = RoutesViewController.swift; sourceTree = "<group>"; };
		7C3539E97EA0B00B9E5E96F7 /* Pods-MapsWithParseServer.debug.xcconfig */ = {isa = PBXFileReference; includeInIndex = 1; lastKnownFileType = text.xcconfig; name = "Pods-MapsWithParseServer.debug.xcconfig"; path = "Target Support Files/Pods-MapsWithParseServer/Pods-MapsWithParseServer.debug.xcconfig"; sourceTree = "<group>"; };
		B60499083E6EEDC0F6F17BA2 /* Pods-MapsWithParseServer.release.xcconfig */ = {isa = PBXFileReference; includeInIndex = 1; lastKnownFileType = text.xcconfig; name = "Pods-MapsWithParseServer.release.xcconfig"; path = "Target Support Files/Pods-MapsWithParseServer/Pods-MapsWithParseServer.release.xcconfig"; sourceTree = "<group>"; };
/* End PBXFileReference section */

/* Begin PBXFrameworksBuildPhase section */
		411D90C4225436F000758DF3 /* Frameworks */ = {
			isa = PBXFrameworksBuildPhase;
			buildActionMask = 2147483647;
			files = (
				FDEDBDC4F7CAFD804CA5B027 /* Pods_MapsWithParseServer.framework in Frameworks */,
			);
			runOnlyForDeploymentPostprocessing = 0;
		};
/* End PBXFrameworksBuildPhase section */

/* Begin PBXGroup section */
		411D90BE225436F000758DF3 = {
			isa = PBXGroup;
			children = (
				411D90C9225436F000758DF3 /* MapsWithParseServer */,
				411D90C8225436F000758DF3 /* Products */,
				72DF5E9A272A536A5D24DEA8 /* Pods */,
				BE6B5A405CBDC4E493CD1787 /* Frameworks */,
			);
			sourceTree = "<group>";
		};
		411D90C8225436F000758DF3 /* Products */ = {
			isa = PBXGroup;
			children = (
				411D90C7225436F000758DF3 /* MapsWithParseServer.app */,
			);
			name = Products;
			sourceTree = "<group>";
		};
		411D90C9225436F000758DF3 /* MapsWithParseServer */ = {
			isa = PBXGroup;
			children = (
				41A09CE02255A57300D48F06 /* Model */,
				411D90D6225436F100758DF3 /* Info.plist */,
				411D90FC2254641A00758DF3 /* Resources */,
				41A09CE12255A5A400D48F06 /* View */,
				411D90CA225436F000758DF3 /* AppDelegate.swift */,
				411D90D3225436F100758DF3 /* LaunchScreen.storyboard */,
			);
			path = MapsWithParseServer;
			sourceTree = "<group>";
		};
		411D90DC2254370400758DF3 /* Controllers */ = {
			isa = PBXGroup;
			children = (
				411D90CC225436F000758DF3 /* HomeViewController.swift */,
				41A09CDC225596A800D48F06 /* BaseViewController.swift */,
				41A09CE52255A5E900D48F06 /* RoutesViewController.swift */,
			);
			path = Controllers;
			sourceTree = "<group>";
		};
		411D90DD2254371600758DF3 /* Storyboards */ = {
			isa = PBXGroup;
			children = (
				4178ED282256F6DE0011C069 /* Routes.storyboard */,
				4178ED292256F6DF0011C069 /* Home.storyboard */,
				411D90CE225436F000758DF3 /* Main.storyboard */,
			);
			path = Storyboards;
			sourceTree = "<group>";
		};
		411D90FC2254641A00758DF3 /* Resources */ = {
			isa = PBXGroup;
			children = (
				411D90D1225436F100758DF3 /* Assets.xcassets */,
			);
			path = Resources;
			sourceTree = "<group>";
		};
		411D91002254680000758DF3 /* Rest */ = {
			isa = PBXGroup;
			children = (
				411D91012254681700758DF3 /* GoogleMapsRest.swift */,
				41A09CDA22558FAA00D48F06 /* RouteParseRest.swift */,
			);
			path = Rest;
			sourceTree = "<group>";
		};
		411D91032254684500758DF3 /* Entity */ = {
			isa = PBXGroup;
			children = (
				411D90FE2254646100758DF3 /* CustomGMSAutocompleteTableDataSource.swift */,
				41A09CDE22559FBA00D48F06 /* CustomPlace.swift */,
				411D91042254685100758DF3 /* Route.swift */,
			);
			path = Entity;
			sourceTree = "<group>";
		};
		41A09CE02255A57300D48F06 /* Model */ = {
			isa = PBXGroup;
			children = (
				411D91032254684500758DF3 /* Entity */,
				411D91002254680000758DF3 /* Rest */,
			);
			path = Model;
			sourceTree = "<group>";
		};
		41A09CE12255A5A400D48F06 /* View */ = {
			isa = PBXGroup;
			children = (
				41A09CE22255A5AD00D48F06 /* Cell */,
				411D90DD2254371600758DF3 /* Storyboards */,
				411D90DC2254370400758DF3 /* Controllers */,
			);
			path = View;
			sourceTree = "<group>";
		};
		41A09CE22255A5AD00D48F06 /* Cell */ = {
			isa = PBXGroup;
			children = (
				41A09CE32255A5C700D48F06 /* RouteTableViewCell.swift */,
			);
			path = Cell;
			sourceTree = "<group>";
		};
		72DF5E9A272A536A5D24DEA8 /* Pods */ = {
			isa = PBXGroup;
			children = (
				7C3539E97EA0B00B9E5E96F7 /* Pods-MapsWithParseServer.debug.xcconfig */,
				B60499083E6EEDC0F6F17BA2 /* Pods-MapsWithParseServer.release.xcconfig */,
			);
			path = Pods;
			sourceTree = "<group>";
		};
		BE6B5A405CBDC4E493CD1787 /* Frameworks */ = {
			isa = PBXGroup;
			children = (
				13C6F45E89E94C7BFEF54638 /* Pods_MapsWithParseServer.framework */,
			);
			name = Frameworks;
			sourceTree = "<group>";
		};
/* End PBXGroup section */

/* Begin PBXNativeTarget section */
		411D90C6225436F000758DF3 /* MapsWithParseServer */ = {
			isa = PBXNativeTarget;
			buildConfigurationList = 411D90D9225436F100758DF3 /* Build configuration list for PBXNativeTarget "MapsWithParseServer" */;
			buildPhases = (
				D835567F50989361F19D78DD /* [CP] Check Pods Manifest.lock */,
				411D90C3225436F000758DF3 /* Sources */,
				411D90C4225436F000758DF3 /* Frameworks */,
				411D90C5225436F000758DF3 /* Resources */,
				DD8345DC11001EC062AD3A60 /* [CP] Copy Pods Resources */,
				9E3C534F978719EF8C9173CB /* [CP] Embed Pods Frameworks */,
			);
			buildRules = (
			);
			dependencies = (
			);
			name = MapsWithParseServer;
			productName = MapsWithParseServer;
			productReference = 411D90C7225436F000758DF3 /* MapsWithParseServer.app */;
			productType = "com.apple.product-type.application";
		};
/* End PBXNativeTarget section */

/* Begin PBXProject section */
		411D90BF225436F000758DF3 /* Project object */ = {
			isa = PBXProject;
			attributes = {
				LastSwiftUpdateCheck = 1020;
				LastUpgradeCheck = 1020;
				ORGANIZATIONNAME = "Jeferson Oliveira Cequeira de Jesus";
				TargetAttributes = {
					411D90C6225436F000758DF3 = {
						CreatedOnToolsVersion = 10.2;
					};
				};
			};
			buildConfigurationList = 411D90C2225436F000758DF3 /* Build configuration list for PBXProject "MapsWithParseServer" */;
			compatibilityVersion = "Xcode 9.3";
			developmentRegion = en;
			hasScannedForEncodings = 0;
			knownRegions = (
				en,
				Base,
			);
			mainGroup = 411D90BE225436F000758DF3;
			productRefGroup = 411D90C8225436F000758DF3 /* Products */;
			projectDirPath = "";
			projectRoot = "";
			targets = (
				411D90C6225436F000758DF3 /* MapsWithParseServer */,
			);
		};
/* End PBXProject section */

/* Begin PBXResourcesBuildPhase section */
		411D90C5225436F000758DF3 /* Resources */ = {
			isa = PBXResourcesBuildPhase;
			buildActionMask = 2147483647;
			files = (
				411D90D5225436F100758DF3 /* LaunchScreen.storyboard in Resources */,
				4178ED2B2256F6DF0011C069 /* Home.storyboard in Resources */,
				411D90D2225436F100758DF3 /* Assets.xcassets in Resources */,
				4178ED2A2256F6DF0011C069 /* Routes.storyboard in Resources */,
				411D90D0225436F000758DF3 /* Main.storyboard in Resources */,
			);
			runOnlyForDeploymentPostprocessing = 0;
		};
/* End PBXResourcesBuildPhase section */

/* Begin PBXShellScriptBuildPhase section */
		9E3C534F978719EF8C9173CB /* [CP] Embed Pods Frameworks */ = {
			isa = PBXShellScriptBuildPhase;
			buildActionMask = 2147483647;
			files = (
			);
			inputFileListPaths = (
			);
			inputPaths = (
				"${PODS_ROOT}/Target Support Files/Pods-MapsWithParseServer/Pods-MapsWithParseServer-frameworks.sh",
				"${BUILT_PRODUCTS_DIR}/Alamofire/Alamofire.framework",
				"${BUILT_PRODUCTS_DIR}/Bolts/Bolts.framework",
				"${BUILT_PRODUCTS_DIR}/Parse/Parse.framework",
				"${BUILT_PRODUCTS_DIR}/SwiftyJSON/SwiftyJSON.framework",
			);
			name = "[CP] Embed Pods Frameworks";
			outputFileListPaths = (
			);
			outputPaths = (
				"${TARGET_BUILD_DIR}/${FRAMEWORKS_FOLDER_PATH}/Alamofire.framework",
				"${TARGET_BUILD_DIR}/${FRAMEWORKS_FOLDER_PATH}/Bolts.framework",
				"${TARGET_BUILD_DIR}/${FRAMEWORKS_FOLDER_PATH}/Parse.framework",
				"${TARGET_BUILD_DIR}/${FRAMEWORKS_FOLDER_PATH}/SwiftyJSON.framework",
			);
			runOnlyForDeploymentPostprocessing = 0;
			shellPath = /bin/sh;
			shellScript = "\"${PODS_ROOT}/Target Support Files/Pods-MapsWithParseServer/Pods-MapsWithParseServer-frameworks.sh\"\n";
			showEnvVarsInLog = 0;
		};
		D835567F50989361F19D78DD /* [CP] Check Pods Manifest.lock */ = {
			isa = PBXShellScriptBuildPhase;
			buildActionMask = 2147483647;
			files = (
			);
			inputFileListPaths = (
			);
			inputPaths = (
				"${PODS_PODFILE_DIR_PATH}/Podfile.lock",
				"${PODS_ROOT}/Manifest.lock",
			);
			name = "[CP] Check Pods Manifest.lock";
			outputFileListPaths = (
			);
			outputPaths = (
				"$(DERIVED_FILE_DIR)/Pods-MapsWithParseServer-checkManifestLockResult.txt",
			);
			runOnlyForDeploymentPostprocessing = 0;
			shellPath = /bin/sh;
			shellScript = "diff \"${PODS_PODFILE_DIR_PATH}/Podfile.lock\" \"${PODS_ROOT}/Manifest.lock\" > /dev/null\nif [ $? != 0 ] ; then\n    # print error to STDERR\n    echo \"error: The sandbox is not in sync with the Podfile.lock. Run 'pod install' or update your CocoaPods installation.\" >&2\n    exit 1\nfi\n# This output is used by Xcode 'outputs' to avoid re-running this script phase.\necho \"SUCCESS\" > \"${SCRIPT_OUTPUT_FILE_0}\"\n";
			showEnvVarsInLog = 0;
		};
		DD8345DC11001EC062AD3A60 /* [CP] Copy Pods Resources */ = {
			isa = PBXShellScriptBuildPhase;
			buildActionMask = 2147483647;
			files = (
			);
			inputFileListPaths = (
			);
			inputPaths = (
				"${PODS_ROOT}/Target Support Files/Pods-MapsWithParseServer/Pods-MapsWithParseServer-resources.sh",
				"${PODS_ROOT}/GoogleMaps/Maps/Frameworks/GoogleMaps.framework/Resources/GoogleMaps.bundle",
				"${PODS_ROOT}/GooglePlaces/Frameworks/GooglePlaces.framework/Resources/GooglePlaces.bundle",
			);
			name = "[CP] Copy Pods Resources";
			outputFileListPaths = (
			);
			outputPaths = (
				"${TARGET_BUILD_DIR}/${UNLOCALIZED_RESOURCES_FOLDER_PATH}/GoogleMaps.bundle",
				"${TARGET_BUILD_DIR}/${UNLOCALIZED_RESOURCES_FOLDER_PATH}/GooglePlaces.bundle",
			);
			runOnlyForDeploymentPostprocessing = 0;
			shellPath = /bin/sh;
			shellScript = "\"${PODS_ROOT}/Target Support Files/Pods-MapsWithParseServer/Pods-MapsWithParseServer-resources.sh\"\n";
			showEnvVarsInLog = 0;
		};
/* End PBXShellScriptBuildPhase section */

/* Begin PBXSourcesBuildPhase section */
		411D90C3225436F000758DF3 /* Sources */ = {
			isa = PBXSourcesBuildPhase;
			buildActionMask = 2147483647;
			files = (
				41A09CDB22558FAA00D48F06 /* RouteParseRest.swift in Sources */,
				41A09CE42255A5C700D48F06 /* RouteTableViewCell.swift in Sources */,
				411D90CD225436F000758DF3 /* HomeViewController.swift in Sources */,
				411D90FF2254646100758DF3 /* CustomGMSAutocompleteTableDataSource.swift in Sources */,
				411D90CB225436F000758DF3 /* AppDelegate.swift in Sources */,
				41A09CDF22559FBA00D48F06 /* CustomPlace.swift in Sources */,
				411D91052254685200758DF3 /* Route.swift in Sources */,
				41A09CDD225596A800D48F06 /* BaseViewController.swift in Sources */,
				411D91022254681700758DF3 /* GoogleMapsRest.swift in Sources */,
				41A09CE62255A5E900D48F06 /* RoutesViewController.swift in Sources */,
			);
			runOnlyForDeploymentPostprocessing = 0;
		};
/* End PBXSourcesBuildPhase section */

/* Begin PBXVariantGroup section */
		411D90CE225436F000758DF3 /* Main.storyboard */ = {
			isa = PBXVariantGroup;
			children = (
				411D90CF225436F000758DF3 /* Base */,
			);
			name = Main.storyboard;
			sourceTree = "<group>";
		};
		411D90D3225436F100758DF3 /* LaunchScreen.storyboard */ = {
			isa = PBXVariantGroup;
			children = (
				411D90D4225436F100758DF3 /* Base */,
			);
			name = LaunchScreen.storyboard;
			sourceTree = "<group>";
		};
/* End PBXVariantGroup section */

/* Begin XCBuildConfiguration section */
		411D90D7225436F100758DF3 /* Debug */ = {
			isa = XCBuildConfiguration;
			buildSettings = {
				ALWAYS_SEARCH_USER_PATHS = NO;
				CLANG_ANALYZER_NONNULL = YES;
				CLANG_ANALYZER_NUMBER_OBJECT_CONVERSION = YES_AGGRESSIVE;
				CLANG_CXX_LANGUAGE_STANDARD = "gnu++14";
				CLANG_CXX_LIBRARY = "libc++";
				CLANG_ENABLE_MODULES = YES;
				CLANG_ENABLE_OBJC_ARC = YES;
				CLANG_ENABLE_OBJC_WEAK = YES;
				CLANG_WARN_BLOCK_CAPTURE_AUTORELEASING = YES;
				CLANG_WARN_BOOL_CONVERSION = YES;
				CLANG_WARN_COMMA = YES;
				CLANG_WARN_CONSTANT_CONVERSION = YES;
				CLANG_WARN_DEPRECATED_OBJC_IMPLEMENTATIONS = YES;
				CLANG_WARN_DIRECT_OBJC_ISA_USAGE = YES_ERROR;
				CLANG_WARN_DOCUMENTATION_COMMENTS = YES;
				CLANG_WARN_EMPTY_BODY = YES;
				CLANG_WARN_ENUM_CONVERSION = YES;
				CLANG_WARN_INFINITE_RECURSION = YES;
				CLANG_WARN_INT_CONVERSION = YES;
				CLANG_WARN_NON_LITERAL_NULL_CONVERSION = YES;
				CLANG_WARN_OBJC_IMPLICIT_RETAIN_SELF = YES;
				CLANG_WARN_OBJC_LITERAL_CONVERSION = YES;
				CLANG_WARN_OBJC_ROOT_CLASS = YES_ERROR;
				CLANG_WARN_RANGE_LOOP_ANALYSIS = YES;
				CLANG_WARN_STRICT_PROTOTYPES = YES;
				CLANG_WARN_SUSPICIOUS_MOVE = YES;
				CLANG_WARN_UNGUARDED_AVAILABILITY = YES_AGGRESSIVE;
				CLANG_WARN_UNREACHABLE_CODE = YES;
				CLANG_WARN__DUPLICATE_METHOD_MATCH = YES;
				CODE_SIGN_IDENTITY = "iPhone Developer";
				COPY_PHASE_STRIP = NO;
				DEBUG_INFORMATION_FORMAT = dwarf;
				ENABLE_STRICT_OBJC_MSGSEND = YES;
				ENABLE_TESTABILITY = YES;
				GCC_C_LANGUAGE_STANDARD = gnu11;
				GCC_DYNAMIC_NO_PIC = NO;
				GCC_NO_COMMON_BLOCKS = YES;
				GCC_OPTIMIZATION_LEVEL = 0;
				GCC_PREPROCESSOR_DEFINITIONS = (
					"DEBUG=1",
					"$(inherited)",
				);
				GCC_WARN_64_TO_32_BIT_CONVERSION = YES;
				GCC_WARN_ABOUT_RETURN_TYPE = YES_ERROR;
				GCC_WARN_UNDECLARED_SELECTOR = YES;
				GCC_WARN_UNINITIALIZED_AUTOS = YES_AGGRESSIVE;
				GCC_WARN_UNUSED_FUNCTION = YES;
				GCC_WARN_UNUSED_VARIABLE = YES;
				IPHONEOS_DEPLOYMENT_TARGET = 12.2;
				MTL_ENABLE_DEBUG_INFO = INCLUDE_SOURCE;
				MTL_FAST_MATH = YES;
				ONLY_ACTIVE_ARCH = YES;
				SDKROOT = iphoneos;
				SWIFT_ACTIVE_COMPILATION_CONDITIONS = DEBUG;
				SWIFT_OPTIMIZATION_LEVEL = "-Onone";
			};
			name = Debug;
		};
		411D90D8225436F100758DF3 /* Release */ = {
			isa = XCBuildConfiguration;
			buildSettings = {
				ALWAYS_SEARCH_USER_PATHS = NO;
				CLANG_ANALYZER_NONNULL = YES;
				CLANG_ANALYZER_NUMBER_OBJECT_CONVERSION = YES_AGGRESSIVE;
				CLANG_CXX_LANGUAGE_STANDARD = "gnu++14";
				CLANG_CXX_LIBRARY = "libc++";
				CLANG_ENABLE_MODULES = YES;
				CLANG_ENABLE_OBJC_ARC = YES;
				CLANG_ENABLE_OBJC_WEAK = YES;
				CLANG_WARN_BLOCK_CAPTURE_AUTORELEASING = YES;
				CLANG_WARN_BOOL_CONVERSION = YES;
				CLANG_WARN_COMMA = YES;
				CLANG_WARN_CONSTANT_CONVERSION = YES;
				CLANG_WARN_DEPRECATED_OBJC_IMPLEMENTATIONS = YES;
				CLANG_WARN_DIRECT_OBJC_ISA_USAGE = YES_ERROR;
				CLANG_WARN_DOCUMENTATION_COMMENTS = YES;
				CLANG_WARN_EMPTY_BODY = YES;
				CLANG_WARN_ENUM_CONVERSION = YES;
				CLANG_WARN_INFINITE_RECURSION = YES;
				CLANG_WARN_INT_CONVERSION = YES;
				CLANG_WARN_NON_LITERAL_NULL_CONVERSION = YES;
				CLANG_WARN_OBJC_IMPLICIT_RETAIN_SELF = YES;
				CLANG_WARN_OBJC_LITERAL_CONVERSION = YES;
				CLANG_WARN_OBJC_ROOT_CLASS = YES_ERROR;
				CLANG_WARN_RANGE_LOOP_ANALYSIS = YES;
				CLANG_WARN_STRICT_PROTOTYPES = YES;
				CLANG_WARN_SUSPICIOUS_MOVE = YES;
				CLANG_WARN_UNGUARDED_AVAILABILITY = YES_AGGRESSIVE;
				CLANG_WARN_UNREACHABLE_CODE = YES;
				CLANG_WARN__DUPLICATE_METHOD_MATCH = YES;
				CODE_SIGN_IDENTITY = "iPhone Developer";
				COPY_PHASE_STRIP = NO;
				DEBUG_INFORMATION_FORMAT = "dwarf-with-dsym";
				ENABLE_NS_ASSERTIONS = NO;
				ENABLE_STRICT_OBJC_MSGSEND = YES;
				GCC_C_LANGUAGE_STANDARD = gnu11;
				GCC_NO_COMMON_BLOCKS = YES;
				GCC_WARN_64_TO_32_BIT_CONVERSION = YES;
				GCC_WARN_ABOUT_RETURN_TYPE = YES_ERROR;
				GCC_WARN_UNDECLARED_SELECTOR = YES;
				GCC_WARN_UNINITIALIZED_AUTOS = YES_AGGRESSIVE;
				GCC_WARN_UNUSED_FUNCTION = YES;
				GCC_WARN_UNUSED_VARIABLE = YES;
				IPHONEOS_DEPLOYMENT_TARGET = 12.2;
				MTL_ENABLE_DEBUG_INFO = NO;
				MTL_FAST_MATH = YES;
				SDKROOT = iphoneos;
				SWIFT_COMPILATION_MODE = wholemodule;
				SWIFT_OPTIMIZATION_LEVEL = "-O";
				VALIDATE_PRODUCT = YES;
			};
			name = Release;
		};
		411D90DA225436F100758DF3 /* Debug */ = {
			isa = XCBuildConfiguration;
			baseConfigurationReference = 7C3539E97EA0B00B9E5E96F7 /* Pods-MapsWithParseServer.debug.xcconfig */;
			buildSettings = {
				ASSETCATALOG_COMPILER_APPICON_NAME = AppIcon;
				CODE_SIGN_STYLE = Automatic;
				INFOPLIST_FILE = MapsWithParseServer/Info.plist;
				IPHONEOS_DEPLOYMENT_TARGET = 11.0;
				LD_RUNPATH_SEARCH_PATHS = (
					"$(inherited)",
					"@executable_path/Frameworks",
				);
				PRODUCT_BUNDLE_IDENTIFIER = com.jeferson.MapsWithParseServer;
				PRODUCT_NAME = "$(TARGET_NAME)";
				SWIFT_VERSION = 5.0;
				TARGETED_DEVICE_FAMILY = 1;
			};
			name = Debug;
		};
		411D90DB225436F100758DF3 /* Release */ = {
			isa = XCBuildConfiguration;
			baseConfigurationReference = B60499083E6EEDC0F6F17BA2 /* Pods-MapsWithParseServer.release.xcconfig */;
			buildSettings = {
				ASSETCATALOG_COMPILER_APPICON_NAME = AppIcon;
				CODE_SIGN_STYLE = Automatic;
				INFOPLIST_FILE = MapsWithParseServer/Info.plist;
				IPHONEOS_DEPLOYMENT_TARGET = 11.0;
				LD_RUNPATH_SEARCH_PATHS = (
					"$(inherited)",
					"@executable_path/Frameworks",
				);
				PRODUCT_BUNDLE_IDENTIFIER = com.jeferson.MapsWithParseServer;
				PRODUCT_NAME = "$(TARGET_NAME)";
				SWIFT_VERSION = 5.0;
				TARGETED_DEVICE_FAMILY = 1;
			};
			name = Release;
		};
/* End XCBuildConfiguration section */

/* Begin XCConfigurationList section */
		411D90C2225436F000758DF3 /* Build configuration list for PBXProject "MapsWithParseServer" */ = {
			isa = XCConfigurationList;
			buildConfigurations = (
				411D90D7225436F100758DF3 /* Debug */,
				411D90D8225436F100758DF3 /* Release */,
			);
			defaultConfigurationIsVisible = 0;
			defaultConfigurationName = Release;
		};
		411D90D9225436F100758DF3 /* Build configuration list for PBXNativeTarget "MapsWithParseServer" */ = {
			isa = XCConfigurationList;
			buildConfigurations = (
				411D90DA225436F100758DF3 /* Debug */,
				411D90DB225436F100758DF3 /* Release */,
			);
			defaultConfigurationIsVisible = 0;
			defaultConfigurationName = Release;
		};
/* End XCConfigurationList section */
	};
	rootObject = 411D90BF225436F000758DF3 /* Project object */;
}
